#============================================================
# Build by Terasic System Builder
#============================================================

set_global_assignment -name FAMILY "MAX 10"
set_global_assignment -name DEVICE 10M50DAF484C7G
set_global_assignment -name TOP_LEVEL_ENTITY "Lab8_DLX_Print"
set_global_assignment -name ORIGINAL_QUARTUS_VERSION "16.0.0"
set_global_assignment -name LAST_QUARTUS_VERSION "23.1std.0 Lite Edition"
set_global_assignment -name PROJECT_CREATION_TIME_DATE "16:50:52 MARCH 17,2026"
set_global_assignment -name DEVICE_FILTER_PACKAGE FBGA
set_global_assignment -name DEVICE_FILTER_PIN_COUNT 484
set_global_assignment -name DEVICE_FILTER_SPEED_GRADE 7

#============================================================
# CLOCK
#============================================================
set_instance_assignment -name IO_STANDARD "3.3-V LVTTL" -to ADC_CLK_10
set_instance_assignment -name IO_STANDARD "3.3-V LVTTL" -to MAX10_CLK1_50
set_instance_assignment -name IO_STANDARD "3.3-V LVTTL" -to MAX10_CLK2_50
set_location_assignment PIN_N5 -to ADC_CLK_10
set_location_assignment PIN_P11 -to MAX10_CLK1_50
set_location_assignment PIN_N14 -to MAX10_CLK2_50

#============================================================
# Arduino
#============================================================
set_instance_assignment -name IO_STANDARD "3.3-V LVTTL" -to ARDUINO_IO[0]
set_instance_assignment -name IO_STANDARD "3.3-V LVTTL" -to ARDUINO_IO[1]
set_instance_assignment -name IO_STANDARD "3.3-V LVTTL" -to ARDUINO_IO[2]
set_instance_assignment -name IO_STANDARD "3.3-V LVTTL" -to ARDUINO_IO[3]
set_instance_assignment -name IO_STANDARD "3.3-V LVTTL" -to ARDUINO_IO[4]
set_instance_assignment -name IO_STANDARD "3.3-V LVTTL" -to ARDUINO_IO[5]
set_instance_assignment -name IO_STANDARD "3.3-V LVTTL" -to ARDUINO_IO[6]
set_instance_assignment -name IO_STANDARD "3.3-V LVTTL" -to ARDUINO_IO[7]
set_instance_assignment -name IO_STANDARD "3.3-V LVTTL" -to ARDUINO_IO[8]
set_instance_assignment -name IO_STANDARD "3.3-V LVTTL" -to ARDUINO_IO[9]
set_instance_assignment -name IO_STANDARD "3.3-V LVTTL" -to ARDUINO_IO[10]
set_instance_assignment -name IO_STANDARD "3.3-V LVTTL" -to ARDUINO_IO[11]
set_instance_assignment -name IO_STANDARD "3.3-V LVTTL" -to ARDUINO_IO[12]
set_instance_assignment -name IO_STANDARD "3.3-V LVTTL" -to ARDUINO_IO[13]
set_instance_assignment -name IO_STANDARD "3.3-V LVTTL" -to ARDUINO_IO[14]
set_instance_assignment -name IO_STANDARD "3.3-V LVTTL" -to ARDUINO_IO[15]
set_instance_assignment -name IO_STANDARD "3.3 V Schmitt Trigger" -to ARDUINO_RESET_N
set_location_assignment PIN_AB5 -to ARDUINO_IO[0]
set_location_assignment PIN_AB6 -to ARDUINO_IO[1]
set_location_assignment PIN_AB7 -to ARDUINO_IO[2]
set_location_assignment PIN_AB8 -to ARDUINO_IO[3]
set_location_assignment PIN_AB9 -to ARDUINO_IO[4]
set_location_assignment PIN_Y10 -to ARDUINO_IO[5]
set_location_assignment PIN_AA11 -to ARDUINO_IO[6]
set_location_assignment PIN_AA12 -to ARDUINO_IO[7]
set_location_assignment PIN_AB17 -to ARDUINO_IO[8]
set_location_assignment PIN_AA17 -to ARDUINO_IO[9]
set_location_assignment PIN_AB19 -to ARDUINO_IO[10]
set_location_assignment PIN_AA19 -to ARDUINO_IO[11]
set_location_assignment PIN_Y19 -to ARDUINO_IO[12]
set_location_assignment PIN_AB20 -to ARDUINO_IO[13]
set_location_assignment PIN_AB21 -to ARDUINO_IO[14]
set_location_assignment PIN_AA20 -to ARDUINO_IO[15]
set_location_assignment PIN_F16 -to ARDUINO_RESET_N

#============================================================
# End of pin assignments by Terasic System Builder
#============================================================


set_global_assignment -name PARTITION_NETLIST_TYPE SOURCE -section_id Top
set_global_assignment -name PARTITION_FITTER_PRESERVATION_LEVEL PLACEMENT_AND_ROUTING -section_id Top
set_global_assignment -name PARTITION_COLOR 16764057 -section_id Top
set_global_assignment -name MIN_CORE_JUNCTION_TEMP 0
set_global_assignment -name MAX_CORE_JUNCTION_TEMP 85
set_global_assignment -name POWER_PRESET_COOLING_SOLUTION "23 MM HEAT SINK WITH 200 LFPM AIRFLOW"
set_global_assignment -name POWER_BOARD_THERMAL_MODEL "NONE (CONSERVATIVE)"
set_global_assignment -name VHDL_FILE Tests/decode_fetch_execute_memWb/rom/NOP_factorial_ROM_pkg.vhd
set_global_assignment -name VHDL_FILE Tests/decode_fetch_execute_memWb/rom/NOP_factorial_ROM.vhd
set_global_assignment -name VHDL_FILE HazardModules/forwarding_unit.vhd
set_global_assignment -name VHDL_FILE HazardModules/hazard_detection.vhd
set_global_assignment -name SOURCE_FILE MemoryWriteBackModules/Memory/RAM/factorial_ram.cmp
set_global_assignment -name QIP_FILE MemoryWriteBackModules/Memory/RAM/factorial_ram.qip
set_global_assignment -name VHDL_FILE MemoryWriteBackModules/Memory/RAM/factorial_ram.vhd
set_global_assignment -name VHDL_FILE MemoryWriteBackModules/Memory/Memory.vhd
set_global_assignment -name VHDL_FILE MemoryWriteBackModules/Write_back/write_back.vhd
set_global_assignment -name VHDL_FILE ExecuteModules/ALU.vhd
set_global_assignment -name VHDL_FILE ExecuteModules/branch_check.vhd
set_global_assignment -name VHDL_FILE ExecuteModules/execute.vhd
set_global_assignment -name SOURCE_FILE ExecuteModules/UART_SIGN_DATA.cmp
set_global_assignment -name QIP_FILE ExecuteModules/UART_SIGN_DATA.qip
set_global_assignment -name SOURCE_FILE ExecuteModules/UART_TX_DATA.cmp
set_global_assignment -name QIP_FILE ExecuteModules/UART_TX_DATA.qip
set_global_assignment -name VHDL_FILE DecodeModules/sign_extend/sign_extend.vhd
set_global_assignment -name VHDL_FILE DecodeModules/sign_extend/sign_extend_pkg.vhd
set_global_assignment -name VHDL_FILE DecodeModules/decode.vhd
set_global_assignment -name VHDL_FILE DecodeModules/decode_reg.vhd
set_global_assignment -name VHDL_FILE FetchModules/fetch.vhd
set_global_assignment -name VHDL_FILE FetchModules/fetch_pkg.vhd
set_global_assignment -name VHDL_FILE FetchModules/MUX/MUX.vhd
set_global_assignment -name VHDL_FILE FetchModules/MUX/MUX_pkg.vhd
set_global_assignment -name VHDL_FILE FetchModules/Register/register.vhd
set_global_assignment -name VHDL_FILE FetchModules/Register/register_async.vhd
set_global_assignment -name VHDL_FILE FetchModules/Register/register_async_pkg.vhd
set_global_assignment -name VHDL_FILE FetchModules/Register/register_pkg.vhd
set_global_assignment -name VHDL_FILE FetchModules/ripple_adder/full_adder.vhd
set_global_assignment -name VHDL_FILE FetchModules/ripple_adder/full_adder_pkg.vhd
set_global_assignment -name VHDL_FILE FetchModules/ripple_adder/half_adder.vhd
set_global_assignment -name VHDL_FILE FetchModules/ripple_adder/half_adder_pkg.vhd
set_global_assignment -name VHDL_FILE FetchModules/ripple_adder/ripple_adder.vhd
set_global_assignment -name VHDL_FILE FetchModules/ripple_adder/ripple_adder_pkg.vhd
set_global_assignment -name VHDL_FILE DecodeModules/decode_reg/decode_reg_pkg.vhd
set_global_assignment -name SOURCE_FILE UART/division.cmp
set_global_assignment -name QIP_FILE UART/division.qip
set_global_assignment -name VHDL_FILE UART/division.vhd
set_global_assignment -name VHDL_FILE UART/FIFO.vhd
set_global_assignment -name VHDL_FILE UART/Lab1_UART.vhd
set_global_assignment -name VHDL_FILE UART/PLL_UART.vhd
set_global_assignment -name VHDL_FILE UART/stack.vhd
set_global_assignment -name VHDL_FILE UART/TX_UART.vhd
set_global_assignment -name VHDL_FILE UART/UART_SIGN_DATA.vhd
set_global_assignment -name SOURCE_FILE UART/UART_TX_DATA.cmp
set_global_assignment -name QIP_FILE UART/UART_TX_DATA.qip
set_global_assignment -name VHDL_FILE UART/UART_TX_DATA.vhd
set_global_assignment -name VHDL_FILE UART/char_translator.vhd
set_global_assignment -name SDC_FILE Lab8_DLX_Print.sdc
set_global_assignment -name VHDL_FILE DLX_Processor.vhd
set_global_assignment -name VHDL_FILE Lab8_DLX_Print.vhd
set_global_assignment -name SDC_FILE Lab8_DLX_Print.SDC
set_global_assignment -name ENABLE_OCT_DONE OFF
set_global_assignment -name EXTERNAL_FLASH_FALLBACK_ADDRESS 00000000
set_global_assignment -name USE_CONFIGURATION_DEVICE OFF
set_global_assignment -name INTERNAL_FLASH_UPDATE_MODE "SINGLE IMAGE WITH ERAM"
set_global_assignment -name CRC_ERROR_OPEN_DRAIN OFF
set_global_assignment -name OUTPUT_IO_TIMING_NEAR_END_VMEAS "HALF VCCIO" -rise
set_global_assignment -name OUTPUT_IO_TIMING_NEAR_END_VMEAS "HALF VCCIO" -fall
set_global_assignment -name OUTPUT_IO_TIMING_FAR_END_VMEAS "HALF SIGNAL SWING" -rise
set_global_assignment -name OUTPUT_IO_TIMING_FAR_END_VMEAS "HALF SIGNAL SWING" -fall
set_instance_assignment -name PARTITION_HIERARCHY root_partition -to | -section_id Top